// !$*UTF8*$!
{
	archiveVersion = 1;
	classes = {
	};
	objectVersion = 56;
	objects = {

/* Begin PBXBuildFile section */
		97DD99752BA005CF007DE333 /* demoAnimationsApp.swift in Sources */ = {isa = PBXBuildFile; fileRef = 97DD99742BA005CF007DE333 /* demoAnimationsApp.swift */; };
		97DD99772BA005CF007DE333 /* ContentView.swift in Sources */ = {isa = PBXBuildFile; fileRef = 97DD99762BA005CF007DE333 /* ContentView.swift */; };
		97DD99792BA005D0007DE333 /* Assets.xcassets in Resources */ = {isa = PBXBuildFile; fileRef = 97DD99782BA005D0007DE333 /* Assets.xcassets */; };
		97DD997C2BA005D0007DE333 /* Preview Assets.xcassets in Resources */ = {isa = PBXBuildFile; fileRef = 97DD997B2BA005D0007DE333 /* Preview Assets.xcassets */; };
		97DD99832BA005E2007DE333 /* BasicTurtle.swift in Sources */ = {isa = PBXBuildFile; fileRef = 97DD99822BA005E2007DE333 /* BasicTurtle.swift */; };
		97DD99882BA00634007DE333 /* scaledTurtle.swift in Sources */ = {isa = PBXBuildFile; fileRef = 97DD99872BA00634007DE333 /* scaledTurtle.swift */; };
		97DD998A2BA0065D007DE333 /* OffsetTurtle.swift in Sources */ = {isa = PBXBuildFile; fileRef = 97DD99892BA0065D007DE333 /* OffsetTurtle.swift */; };
		97DD998C2BA0067D007DE333 /* ScaledTurtle.swift in Sources */ = {isa = PBXBuildFile; fileRef = 97DD998B2BA0067D007DE333 /* ScaledTurtle.swift */; };
		97DD998E2BA0069D007DE333 /* ScaledAndRotatedTurtle.swift in Sources */ = {isa = PBXBuildFile; fileRef = 97DD998D2BA0069D007DE333 /* ScaledAndRotatedTurtle.swift */; };
		97DD99902BA006C6007DE333 /* EaseOutTurtle.swift in Sources */ = {isa = PBXBuildFile; fileRef = 97DD998F2BA006C6007DE333 /* EaseOutTurtle.swift */; };
		97DD99922BA00720007DE333 /* OskiBirthday.swift in Sources */ = {isa = PBXBuildFile; fileRef = 97DD99912BA00720007DE333 /* OskiBirthday.swift */; };
/* End PBXBuildFile section */

/* Begin PBXFileReference section */
		97DD99712BA005CF007DE333 /* demoAnimations.app */ = {isa = PBXFileReference; explicitFileType = wrapper.application; includeInIndex = 0; path = demoAnimations.app; sourceTree = BUILT_PRODUCTS_DIR; };
		97DD99742BA005CF007DE333 /* demoAnimationsApp.swift */ = {isa = PBXFileReference; lastKnownFileType = sourcecode.swift; path = demoAnimationsApp.swift; sourceTree = "<group>"; };
		97DD99762BA005CF007DE333 /* ContentView.swift */ = {isa = PBXFileReference; lastKnownFileType = sourcecode.swift; path = ContentView.swift; sourceTree = "<group>"; };
		97DD99782BA005D0007DE333 /* Assets.xcassets */ = {isa = PBXFileReference; lastKnownFileType = folder.assetcatalog; path = Assets.xcassets; sourceTree = "<group>"; };
		97DD997B2BA005D0007DE333 /* Preview Assets.xcassets */ = {isa = PBXFileReference; lastKnownFileType = folder.assetcatalog; path = "Preview Assets.xcassets"; sourceTree = "<group>"; };
		97DD99822BA005E2007DE333 /* BasicTurtle.swift */ = {isa = PBXFileReference; lastKnownFileType = sourcecode.swift; path = BasicTurtle.swift; sourceTree = "<group>"; };
		97DD99872BA00634007DE333 /* scaledTurtle.swift */ = {isa = PBXFileReference; lastKnownFileType = sourcecode.swift; path = scaledTurtle.swift; sourceTree = "<group>"; };
		97DD99892BA0065D007DE333 /* OffsetTurtle.swift */ = {isa = PBXFileReference; lastKnownFileType = sourcecode.swift; path = OffsetTurtle.swift; sourceTree = "<group>"; };
		97DD998B2BA0067D007DE333 /* ScaledTurtle.swift */ = {isa = PBXFileReference; lastKnownFileType = sourcecode.swift; path = ScaledTurtle.swift; sourceTree = "<group>"; };
		97DD998D2BA0069D007DE333 /* ScaledAndRotatedTurtle.swift */ = {isa = PBXFileReference; lastKnownFileType = sourcecode.swift; path = ScaledAndRotatedTurtle.swift; sourceTree = "<group>"; };
		97DD998F2BA006C6007DE333 /* EaseOutTurtle.swift */ = {isa = PBXFileReference; lastKnownFileType = sourcecode.swift; path = EaseOutTurtle.swift; sourceTree = "<group>"; };
		97DD99912BA00720007DE333 /* OskiBirthday.swift */ = {isa = PBXFileReference; lastKnownFileType = sourcecode.swift; path = OskiBirthday.swift; sourceTree = "<group>"; };
/* End PBXFileReference section */

/* Begin PBXFrameworksBuildPhase section */
		97DD996E2BA005CF007DE333 /* Frameworks */ = {
			isa = PBXFrameworksBuildPhase;
			buildActionMask = 2147483647;
			files = (
			);
			runOnlyForDeploymentPostprocessing = 0;
		};
/* End PBXFrameworksBuildPhase section */

/* Begin PBXGroup section */
		97DD99682BA005CF007DE333 = {
			isa = PBXGroup;
			children = (
				97DD99732BA005CF007DE333 /* demoAnimations */,
				97DD99722BA005CF007DE333 /* Products */,
			);
			sourceTree = "<group>";
		};
		97DD99722BA005CF007DE333 /* Products */ = {
			isa = PBXGroup;
			children = (
				97DD99712BA005CF007DE333 /* demoAnimations.app */,
			);
			name = Products;
			sourceTree = "<group>";
		};
		97DD99732BA005CF007DE333 /* demoAnimations */ = {
			isa = PBXGroup;
			children = (
				97DD99822BA005E2007DE333 /* BasicTurtle.swift */,
				97DD99862BA00608007DE333 /* matchedGeometry */,
				97DD99852BA00604007DE333 /* implicit */,
				97DD99842BA005F6007DE333 /* explicit */,
				97DD99742BA005CF007DE333 /* demoAnimationsApp.swift */,
				97DD99762BA005CF007DE333 /* ContentView.swift */,
				97DD99782BA005D0007DE333 /* Assets.xcassets */,
				97DD997A2BA005D0007DE333 /* Preview Content */,
			);
			path = demoAnimations;
			sourceTree = "<group>";
		};
		97DD997A2BA005D0007DE333 /* Preview Content */ = {
			isa = PBXGroup;
			children = (
				97DD997B2BA005D0007DE333 /* Preview Assets.xcassets */,
			);
			path = "Preview Content";
			sourceTree = "<group>";
		};
		97DD99842BA005F6007DE333 /* explicit */ = {
			isa = PBXGroup;
			children = (
				97DD99872BA00634007DE333 /* scaledTurtle.swift */,
				97DD99892BA0065D007DE333 /* OffsetTurtle.swift */,
			);
			path = explicit;
			sourceTree = "<group>";
		};
		97DD99852BA00604007DE333 /* implicit */ = {
			isa = PBXGroup;
			children = (
				97DD998B2BA0067D007DE333 /* ScaledTurtle.swift */,
				97DD998D2BA0069D007DE333 /* ScaledAndRotatedTurtle.swift */,
				97DD998F2BA006C6007DE333 /* EaseOutTurtle.swift */,
			);
			path = implicit;
			sourceTree = "<group>";
		};
		97DD99862BA00608007DE333 /* matchedGeometry */ = {
			isa = PBXGroup;
			children = (
				97DD99912BA00720007DE333 /* OskiBirthday.swift */,
			);
			path = matchedGeometry;
			sourceTree = "<group>";
		};
/* End PBXGroup section */

/* Begin PBXNativeTarget section */
		97DD99702BA005CF007DE333 /* demoAnimations */ = {
			isa = PBXNativeTarget;
			buildConfigurationList = 97DD997F2BA005D0007DE333 /* Build configuration list for PBXNativeTarget "demoAnimations" */;
			buildPhases = (
				97DD996D2BA005CF007DE333 /* Sources */,
				97DD996E2BA005CF007DE333 /* Frameworks */,
				97DD996F2BA005CF007DE333 /* Resources */,
			);
			buildRules = (
			);
			dependencies = (
			);
			name = demoAnimations;
			productName = demoAnimations;
			productReference = 97DD99712BA005CF007DE333 /* demoAnimations.app */;
			productType = "com.apple.product-type.application";
		};
/* End PBXNativeTarget section */

/* Begin PBXProject section */
		97DD99692BA005CF007DE333 /* Project object */ = {
			isa = PBXProject;
			attributes = {
				BuildIndependentTargetsInParallel = 1;
				LastSwiftUpdateCheck = 1530;
				LastUpgradeCheck = 1530;
				TargetAttributes = {
					97DD99702BA005CF007DE333 = {
						CreatedOnToolsVersion = 15.3;
					};
				};
			};
			buildConfigurationList = 97DD996C2BA005CF007DE333 /* Build configuration list for PBXProject "demoAnimations" */;
			compatibilityVersion = "Xcode 14.0";
			developmentRegion = en;
			hasScannedForEncodings = 0;
			knownRegions = (
				en,
				Base,
			);
			mainGroup = 97DD99682BA005CF007DE333;
			productRefGroup = 97DD99722BA005CF007DE333 /* Products */;
			projectDirPath = "";
			projectRoot = "";
			targets = (
				97DD99702BA005CF007DE333 /* demoAnimations */,
			);
		};
/* End PBXProject section */

/* Begin PBXResourcesBuildPhase section */
		97DD996F2BA005CF007DE333 /* Resources */ = {
			isa = PBXResourcesBuildPhase;
			buildActionMask = 2147483647;
			files = (
				97DD997C2BA005D0007DE333 /* Preview Assets.xcassets in Resources */,
				97DD99792BA005D0007DE333 /* Assets.xcassets in Resources */,
			);
			runOnlyForDeploymentPostprocessing = 0;
		};
/* End PBXResourcesBuildPhase section */

/* Begin PBXSourcesBuildPhase section */
		97DD996D2BA005CF007DE333 /* Sources */ = {
			isa = PBXSourcesBuildPhase;
			buildActionMask = 2147483647;
			files = (
				97DD99922BA00720007DE333 /* OskiBirthday.swift in Sources */,
				97DD998A2BA0065D007DE333 /* OffsetTurtle.swift in Sources */,
				97DD99772BA005CF007DE333 /* ContentView.swift in Sources */,
				97DD99882BA00634007DE333 /* scaledTurtle.swift in Sources */,
				97DD998E2BA0069D007DE333 /* ScaledAndRotatedTurtle.swift in Sources */,
				97DD99902BA006C6007DE333 /* EaseOutTurtle.swift in Sources */,
				97DD998C2BA0067D007DE333 /* ScaledTurtle.swift in Sources */,
				97DD99832BA005E2007DE333 /* BasicTurtle.swift in Sources */,
				97DD99752BA005CF007DE333 /* demoAnimationsApp.swift in Sources */,
			);
			runOnlyForDeploymentPostprocessing = 0;
		};
/* End PBXSourcesBuildPhase section */

/* Begin XCBuildConfiguration section */
		97DD997D2BA005D0007DE333 /* Debug */ = {
			isa = XCBuildConfiguration;
			buildSettings = {
				ALWAYS_SEARCH_USER_PATHS = NO;
				ASSETCATALOG_COMPILER_GENERATE_SWIFT_ASSET_SYMBOL_EXTENSIONS = YES;
				CLANG_ANALYZER_NONNULL = YES;
				CLANG_ANALYZER_NUMBER_OBJECT_CONVERSION = YES_AGGRESSIVE;
				CLANG_CXX_LANGUAGE_STANDARD = "gnu++20";
				CLANG_ENABLE_MODULES = YES;
				CLANG_ENABLE_OBJC_ARC = YES;
				CLANG_ENABLE_OBJC_WEAK = YES;
				CLANG_WARN_BLOCK_CAPTURE_AUTORELEASING = YES;
				CLANG_WARN_BOOL_CONVERSION = YES;
				CLANG_WARN_COMMA = YES;
				CLANG_WARN_CONSTANT_CONVERSION = YES;
				CLANG_WARN_DEPRECATED_OBJC_IMPLEMENTATIONS = YES;
				CLANG_WARN_DIRECT_OBJC_ISA_USAGE = YES_ERROR;
				CLANG_WARN_DOCUMENTATION_COMMENTS = YES;
				CLANG_WARN_EMPTY_BODY = YES;
				CLANG_WARN_ENUM_CONVERSION = YES;
				CLANG_WARN_INFINITE_RECURSION = YES;
				CLANG_WARN_INT_CONVERSION = YES;
				CLANG_WARN_NON_LITERAL_NULL_CONVERSION = YES;
				CLANG_WARN_OBJC_IMPLICIT_RETAIN_SELF = YES;
				CLANG_WARN_OBJC_LITERAL_CONVERSION = YES;
				CLANG_WARN_OBJC_ROOT_CLASS = YES_ERROR;
				CLANG_WARN_QUOTED_INCLUDE_IN_FRAMEWORK_HEADER = YES;
				CLANG_WARN_RANGE_LOOP_ANALYSIS = YES;
				CLANG_WARN_STRICT_PROTOTYPES = YES;
				CLANG_WARN_SUSPICIOUS_MOVE = YES;
				CLANG_WARN_UNGUARDED_AVAILABILITY = YES_AGGRESSIVE;
				CLANG_WARN_UNREACHABLE_CODE = YES;
				CLANG_WARN__DUPLICATE_METHOD_MATCH = YES;
				COPY_PHASE_STRIP = NO;
				DEBUG_INFORMATION_FORMAT = dwarf;
				ENABLE_STRICT_OBJC_MSGSEND = YES;
				ENABLE_TESTABILITY = YES;
				ENABLE_USER_SCRIPT_SANDBOXING = YES;
				GCC_C_LANGUAGE_STANDARD = gnu17;
				GCC_DYNAMIC_NO_PIC = NO;
				GCC_NO_COMMON_BLOCKS = YES;
				GCC_OPTIMIZATION_LEVEL = 0;
				GCC_PREPROCESSOR_DEFINITIONS = (
					"DEBUG=1",
					"$(inherited)",
				);
				GCC_WARN_64_TO_32_BIT_CONVERSION = YES;
				GCC_WARN_ABOUT_RETURN_TYPE = YES_ERROR;
				GCC_WARN_UNDECLARED_SELECTOR = YES;
				GCC_WARN_UNINITIALIZED_AUTOS = YES_AGGRESSIVE;
				GCC_WARN_UNUSED_FUNCTION = YES;
				GCC_WARN_UNUSED_VARIABLE = YES;
				IPHONEOS_DEPLOYMENT_TARGET = 17.4;
				LOCALIZATION_PREFERS_STRING_CATALOGS = YES;
				MTL_ENABLE_DEBUG_INFO = INCLUDE_SOURCE;
				MTL_FAST_MATH = YES;
				ONLY_ACTIVE_ARCH = YES;
				SDKROOT = iphoneos;
				SWIFT_ACTIVE_COMPILATION_CONDITIONS = "DEBUG $(inherited)";
				SWIFT_OPTIMIZATION_LEVEL = "-Onone";
			};
			name = Debug;
		};
		97DD997E2BA005D0007DE333 /* Release */ = {
			isa = XCBuildConfiguration;
			buildSettings = {
				ALWAYS_SEARCH_USER_PATHS = NO;
				ASSETCATALOG_COMPILER_GENERATE_SWIFT_ASSET_SYMBOL_EXTENSIONS = YES;
				CLANG_ANALYZER_NONNULL = YES;
				CLANG_ANALYZER_NUMBER_OBJECT_CONVERSION = YES_AGGRESSIVE;
				CLANG_CXX_LANGUAGE_STANDARD = "gnu++20";
				CLANG_ENABLE_MODULES = YES;
				CLANG_ENABLE_OBJC_ARC = YES;
				CLANG_ENABLE_OBJC_WEAK = YES;
				CLANG_WARN_BLOCK_CAPTURE_AUTORELEASING = YES;
				CLANG_WARN_BOOL_CONVERSION = YES;
				CLANG_WARN_COMMA = YES;
				CLANG_WARN_CONSTANT_CONVERSION = YES;
				CLANG_WARN_DEPRECATED_OBJC_IMPLEMENTATIONS = YES;
				CLANG_WARN_DIRECT_OBJC_ISA_USAGE = YES_ERROR;
				CLANG_WARN_DOCUMENTATION_COMMENTS = YES;
				CLANG_WARN_EMPTY_BODY = YES;
				CLANG_WARN_ENUM_CONVERSION = YES;
				CLANG_WARN_INFINITE_RECURSION = YES;
				CLANG_WARN_INT_CONVERSION = YES;
				CLANG_WARN_NON_LITERAL_NULL_CONVERSION = YES;
				CLANG_WARN_OBJC_IMPLICIT_RETAIN_SELF = YES;
				CLANG_WARN_OBJC_LITERAL_CONVERSION = YES;
				CLANG_WARN_OBJC_ROOT_CLASS = YES_ERROR;
				CLANG_WARN_QUOTED_INCLUDE_IN_FRAMEWORK_HEADER = YES;
				CLANG_WARN_RANGE_LOOP_ANALYSIS = YES;
				CLANG_WARN_STRICT_PROTOTYPES = YES;
				CLANG_WARN_SUSPICIOUS_MOVE = YES;
				CLANG_WARN_UNGUARDED_AVAILABILITY = YES_AGGRESSIVE;
				CLANG_WARN_UNREACHABLE_CODE = YES;
				CLANG_WARN__DUPLICATE_METHOD_MATCH = YES;
				COPY_PHASE_STRIP = NO;
				DEBUG_INFORMATION_FORMAT = "dwarf-with-dsym";
				ENABLE_NS_ASSERTIONS = NO;
				ENABLE_STRICT_OBJC_MSGSEND = YES;
				ENABLE_USER_SCRIPT_SANDBOXING = YES;
				GCC_C_LANGUAGE_STANDARD = gnu17;
				GCC_NO_COMMON_BLOCKS = YES;
				GCC_WARN_64_TO_32_BIT_CONVERSION = YES;
				GCC_WARN_ABOUT_RETURN_TYPE = YES_ERROR;
				GCC_WARN_UNDECLARED_SELECTOR = YES;
				GCC_WARN_UNINITIALIZED_AUTOS = YES_AGGRESSIVE;
				GCC_WARN_UNUSED_FUNCTION = YES;
				GCC_WARN_UNUSED_VARIABLE = YES;
				IPHONEOS_DEPLOYMENT_TARGET = 17.4;
				LOCALIZATION_PREFERS_STRING_CATALOGS = YES;
				MTL_ENABLE_DEBUG_INFO = NO;
				MTL_FAST_MATH = YES;
				SDKROOT = iphoneos;
				SWIFT_COMPILATION_MODE = wholemodule;
				VALIDATE_PRODUCT = YES;
			};
			name = Release;
		};
		97DD99802BA005D0007DE333 /* Debug */ = {
			isa = XCBuildConfiguration;
			buildSettings = {
				ASSETCATALOG_COMPILER_APPICON_NAME = AppIcon;
				ASSETCATALOG_COMPILER_GLOBAL_ACCENT_COLOR_NAME = AccentColor;
				CODE_SIGN_STYLE = Automatic;
				CURRENT_PROJECT_VERSION = 1;
				DEVELOPMENT_ASSET_PATHS = "\"demoAnimations/Preview Content\"";
				DEVELOPMENT_TEAM = DBKBC54GDL;
				ENABLE_PREVIEWS = YES;
				GENERATE_INFOPLIST_FILE = YES;
				INFOPLIST_KEY_UIApplicationSceneManifest_Generation = YES;
				INFOPLIST_KEY_UIApplicationSupportsIndirectInputEvents = YES;
				INFOPLIST_KEY_UILaunchScreen_Generation = YES;
				INFOPLIST_KEY_UISupportedInterfaceOrientations_iPad = "UIInterfaceOrientationPortrait UIInterfaceOrientationPortraitUpsideDown UIInterfaceOrientationLandscapeLeft UIInterfaceOrientationLandscapeRight";
				INFOPLIST_KEY_UISupportedInterfaceOrientations_iPhone = "UIInterfaceOrientationPortrait UIInterfaceOrientationLandscapeLeft UIInterfaceOrientationLandscapeRight";
				LD_RUNPATH_SEARCH_PATHS = (
					"$(inherited)",
					"@executable_path/Frameworks",
				);
				MARKETING_VERSION = 1.0;
				PRODUCT_BUNDLE_IDENTIFIER = com.AndyHuang.demoAnimations;
				PRODUCT_NAME = "$(TARGET_NAME)";
				SWIFT_EMIT_LOC_STRINGS = YES;
				SWIFT_VERSION = 5.0;
				TARGETED_DEVICE_FAMILY = "1,2";
			};
			name = Debug;
		};
		97DD99812BA005D0007DE333 /* Release */ = {
			isa = XCBuildConfiguration;
			buildSettings = {
				ASSETCATALOG_COMPILER_APPICON_NAME = AppIcon;
				ASSETCATALOG_COMPILER_GLOBAL_ACCENT_COLOR_NAME = AccentColor;
				CODE_SIGN_STYLE = Automatic;
				CURRENT_PROJECT_VERSION = 1;
				DEVELOPMENT_ASSET_PATHS = "\"demoAnimations/Preview Content\"";
				DEVELOPMENT_TEAM = DBKBC54GDL;
				ENABLE_PREVIEWS = YES;
				GENERATE_INFOPLIST_FILE = YES;
				INFOPLIST_KEY_UIApplicationSceneManifest_Generation = YES;
				INFOPLIST_KEY_UIApplicationSupportsIndirectInputEvents = YES;
				INFOPLIST_KEY_UILaunchScreen_Generation = YES;
				INFOPLIST_KEY_UISupportedInterfaceOrientations_iPad = "UIInterfaceOrientationPortrait UIInterfaceOrientationPortraitUpsideDown UIInterfaceOrientationLandscapeLeft UIInterfaceOrientationLandscapeRight";
				INFOPLIST_KEY_UISupportedInterfaceOrientations_iPhone = "UIInterfaceOrientationPortrait UIInterfaceOrientationLandscapeLeft UIInterfaceOrientationLandscapeRight";
				LD_RUNPATH_SEARCH_PATHS = (
					"$(inherited)",
					"@executable_path/Frameworks",
				);
				MARKETING_VERSION = 1.0;
				PRODUCT_BUNDLE_IDENTIFIER = com.AndyHuang.demoAnimations;
				PRODUCT_NAME = "$(TARGET_NAME)";
				SWIFT_EMIT_LOC_STRINGS = YES;
				SWIFT_VERSION = 5.0;
				TARGETED_DEVICE_FAMILY = "1,2";
			};
			name = Release;
		};
/* End XCBuildConfiguration section */

/* Begin XCConfigurationList section */
		97DD996C2BA005CF007DE333 /* Build configuration list for PBXProject "demoAnimations" */ = {
			isa = XCConfigurationList;
			buildConfigurations = (
				97DD997D2BA005D0007DE333 /* Debug */,
				97DD997E2BA005D0007DE333 /* Release */,
			);
			defaultConfigurationIsVisible = 0;
			defaultConfigurationName = Release;
		};
		97DD997F2BA005D0007DE333 /* Build configuration list for PBXNativeTarget "demoAnimations" */ = {
			isa = XCConfigurationList;
			buildConfigurations = (
				97DD99802BA005D0007DE333 /* Debug */,
				97DD99812BA005D0007DE333 /* Release */,
			);
			defaultConfigurationIsVisible = 0;
			defaultConfigurationName = Release;
		};
/* End XCConfigurationList section */
	};
	rootObject = 97DD99692BA005CF007DE333 /* Project object */;
}
